
Microsoft Visual Studio Solution File, Format Version 12.00
# Visual Studio 15
VisualStudioVersion = 15.0.28010.2019
MinimumVisualStudioVersion = 10.0.40219.1
Project("{8BC9CEB8-8B4A-11D0-8D11-00A0C91BC942}") = "TT3,2", "TT3,2\TT3,2.vcxproj", "{B240A168-7A53-47C8-A919-90C961507406}"
EndProject
Global
	GlobalSection(SolutionConfigurationPlatforms) = preSolution
		Debug|x64 = Debug|x64
		Debug|x86 = Debug|x86
		Release|x64 = Release|x64
		Release|x86 = Release|x86
	EndGlobalSection
	GlobalSection(ProjectConfigurationPlatforms) = postSolution
		{B240A168-7A53-47C8-A919-90C961507406}.Debug|x64.ActiveCfg = Debug|x64
		{B240A168-7A53-47C8-A919-90C961507406}.Debug|x64.Build.0 = Debug|x64
		{B240A168-7A53-47C8-A919-90C961507406}.Debug|x86.ActiveCfg = Debug|Win32
		{B240A168-7A53-47C8-A919-90C961507406}.Debug|x86.Build.0 = Debug|Win32
		{B240A168-7A53-47C8-A919-90C961507406}.Release|x64.ActiveCfg = Release|x64
		{B240A168-7A53-47C8-A919-90C961507406}.Release|x64.Build.0 = Release|x64
		{B240A168-7A53-47C8-A919-90C961507406}.Release|x86.ActiveCfg = Release|Win32
		{B240A168-7A53-47C8-A919-90C961507406}.Release|x86.Build.0 = Release|Win32
	EndGlobalSection
	GlobalSection(SolutionProperties) = preSolution
		HideSolutionNode = FALSE
	EndGlobalSection
	GlobalSection(ExtensibilityGlobals) = postSolution
		SolutionGuid = {2424E683-BE90-4947-A8F0-AE7AB8CF4334}
	EndGlobalSection
EndGlobal
