
Microsoft Visual Studio Solution File, Format Version 12.00
# Visual Studio 15
VisualStudioVersion = 15.0.28010.2036
MinimumVisualStudioVersion = 10.0.40219.1
Project("{8BC9CEB8-8B4A-11D0-8D11-00A0C91BC942}") = "Progra 8", "Progra 8\Progra 8.vcxproj", "{E51FCEFF-4D00-43BF-9A21-0A93DA399248}"
EndProject
Global
	GlobalSection(SolutionConfigurationPlatforms) = preSolution
		Debug|x64 = Debug|x64
		Debug|x86 = Debug|x86
		Release|x64 = Release|x64
		Release|x86 = Release|x86
	EndGlobalSection
	GlobalSection(ProjectConfigurationPlatforms) = postSolution
		{E51FCEFF-4D00-43BF-9A21-0A93DA399248}.Debug|x64.ActiveCfg = Debug|x64
		{E51FCEFF-4D00-43BF-9A21-0A93DA399248}.Debug|x64.Build.0 = Debug|x64
		{E51FCEFF-4D00-43BF-9A21-0A93DA399248}.Debug|x86.ActiveCfg = Debug|Win32
		{E51FCEFF-4D00-43BF-9A21-0A93DA399248}.Debug|x86.Build.0 = Debug|Win32
		{E51FCEFF-4D00-43BF-9A21-0A93DA399248}.Release|x64.ActiveCfg = Release|x64
		{E51FCEFF-4D00-43BF-9A21-0A93DA399248}.Release|x64.Build.0 = Release|x64
		{E51FCEFF-4D00-43BF-9A21-0A93DA399248}.Release|x86.ActiveCfg = Release|Win32
		{E51FCEFF-4D00-43BF-9A21-0A93DA399248}.Release|x86.Build.0 = Release|Win32
	EndGlobalSection
	GlobalSection(SolutionProperties) = preSolution
		HideSolutionNode = FALSE
	EndGlobalSection
	GlobalSection(ExtensibilityGlobals) = postSolution
		SolutionGuid = {80417D88-7A86-46C3-806D-B646884E6C9D}
	EndGlobalSection
EndGlobal
